
Microsoft Visual Studio Solution File, Format Version 12.00
# Visual Studio 15
VisualStudioVersion = 15.0.27428.2043
MinimumVisualStudioVersion = 10.0.40219.1
Project("{FAE04EC0-301F-11D3-BF4B-00C04F79EFBC}") = "ConferenceManager", "ConferenceManager\ConferenceManager.csproj", "{F830D3D4-3046-4177-920A-0D5F5E20B836}"
EndProject
Project("{FAE04EC0-301F-11D3-BF4B-00C04F79EFBC}") = "ConferenceManagerEF", "ConferenceManagerEF\ConferenceManagerEF.csproj", "{60E09C78-00E4-4F40-9B84-43F0A702FB26}"
EndProject
Global
	GlobalSection(SolutionConfigurationPlatforms) = preSolution
		Debug|Any CPU = Debug|Any CPU
		Debug|x64 = Debug|x64
		Debug|x86 = Debug|x86
		Release|Any CPU = Release|Any CPU
		Release|x64 = Release|x64
		Release|x86 = Release|x86
	EndGlobalSection
	GlobalSection(ProjectConfigurationPlatforms) = postSolution
		{F830D3D4-3046-4177-920A-0D5F5E20B836}.Debug|Any CPU.ActiveCfg = Debug|Any CPU
		{F830D3D4-3046-4177-920A-0D5F5E20B836}.Debug|Any CPU.Build.0 = Debug|Any CPU
		{F830D3D4-3046-4177-920A-0D5F5E20B836}.Debug|x64.ActiveCfg = Debug|Any CPU
		{F830D3D4-3046-4177-920A-0D5F5E20B836}.Debug|x64.Build.0 = Debug|Any CPU
		{F830D3D4-3046-4177-920A-0D5F5E20B836}.Debug|x86.ActiveCfg = Debug|Any CPU
		{F830D3D4-3046-4177-920A-0D5F5E20B836}.Debug|x86.Build.0 = Debug|Any CPU
		{F830D3D4-3046-4177-920A-0D5F5E20B836}.Release|Any CPU.ActiveCfg = Release|Any CPU
		{F830D3D4-3046-4177-920A-0D5F5E20B836}.Release|Any CPU.Build.0 = Release|Any CPU
		{F830D3D4-3046-4177-920A-0D5F5E20B836}.Release|x64.ActiveCfg = Release|Any CPU
		{F830D3D4-3046-4177-920A-0D5F5E20B836}.Release|x64.Build.0 = Release|Any CPU
		{F830D3D4-3046-4177-920A-0D5F5E20B836}.Release|x86.ActiveCfg = Release|Any CPU
		{F830D3D4-3046-4177-920A-0D5F5E20B836}.Release|x86.Build.0 = Release|Any CPU
		{60E09C78-00E4-4F40-9B84-43F0A702FB26}.Debug|Any CPU.ActiveCfg = Debug|Any CPU
		{60E09C78-00E4-4F40-9B84-43F0A702FB26}.Debug|Any CPU.Build.0 = Debug|Any CPU
		{60E09C78-00E4-4F40-9B84-43F0A702FB26}.Debug|x64.ActiveCfg = Debug|Any CPU
		{60E09C78-00E4-4F40-9B84-43F0A702FB26}.Debug|x64.Build.0 = Debug|Any CPU
		{60E09C78-00E4-4F40-9B84-43F0A702FB26}.Debug|x86.ActiveCfg = Debug|Any CPU
		{60E09C78-00E4-4F40-9B84-43F0A702FB26}.Debug|x86.Build.0 = Debug|Any CPU
		{60E09C78-00E4-4F40-9B84-43F0A702FB26}.Release|Any CPU.ActiveCfg = Release|Any CPU
		{60E09C78-00E4-4F40-9B84-43F0A702FB26}.Release|Any CPU.Build.0 = Release|Any CPU
		{60E09C78-00E4-4F40-9B84-43F0A702FB26}.Release|x64.ActiveCfg = Release|Any CPU
		{60E09C78-00E4-4F40-9B84-43F0A702FB26}.Release|x64.Build.0 = Release|Any CPU
		{60E09C78-00E4-4F40-9B84-43F0A702FB26}.Release|x86.ActiveCfg = Release|Any CPU
		{60E09C78-00E4-4F40-9B84-43F0A702FB26}.Release|x86.Build.0 = Release|Any CPU
	EndGlobalSection
	GlobalSection(SolutionProperties) = preSolution
		HideSolutionNode = FALSE
	EndGlobalSection
	GlobalSection(ExtensibilityGlobals) = postSolution
		SolutionGuid = {F4671ACC-F253-4FD5-BEF7-E2256D86FA0D}
	EndGlobalSection
EndGlobal
